<?xml version="1.0" encoding="utf-8"?>
<Project ToolsVersion="4.0" xmlns="http://schemas.microsoft.com/developer/msbuild/2003">
  <ItemGroup>
    <Filter Include="Source Files">
      <UniqueIdentifier>{4FC737F1-C7A5-4376-A066-2A32D752A2FF}</UniqueIdentifier>
      <Extensions>cpp;c;cc;cxx;def;odl;idl;hpj;bat;asm;asmx</Extensions>
    </Filter>
    <Filter Include="Header Files">
      <UniqueIdentifier>{93995380-89BD-4b04-88EB-625FBE52EBFB}</UniqueIdentifier>
      <Extensions>h;hh;hpp;hxx;hm;inl;inc;ipp;xsd</Extensions>
    </Filter>
    <Filter Include="Resource Files">
      <UniqueIdentifier>{67DA6AB6-F800-4c08-8B7A-83BB121AAD01}</UniqueIdentifier>
      <Extensions>rc;ico;cur;bmp;dlg;rc2;rct;bin;rgs;gif;jpg;jpeg;jpe;resx;tiff;tif;png;wav;mfcribbon-ms</Extensions>
    </Filter>
  </ItemGroup>
  <ItemGroup>
    <ClCompile Include="AI.cpp">
      <Filter>Source Files</Filter>
    </ClCompile>
    <ClCompile Include="controls.cpp">
      <Filter>Source Files</Filter>
    </ClCompile>
    <ClCompile Include="cursor.cpp">
      <Filter>Source Files</Filter>
    </ClCompile>
    <ClCompile Include="digger.cpp">
      <Filter>Source Files</Filter>
    </ClCompile>
    <ClCompile Include="exitdoor.cpp">
      <Filter>Source Files</Filter>
    </ClCompile>
    <ClCompile Include="fallingrocks.cpp">
      <Filter>Source Files</Filter>
    </ClCompile>
    <ClCompile Include="gameplay.cpp">
      <Filter>Source Files</Filter>
    </ClCompile>
    <ClCompile Include="gas.cpp">
      <Filter>Source Files</Filter>
    </ClCompile>
    <ClCompile Include="gold.cpp">
      <Filter>Source Files</Filter>
    </ClCompile>
    <ClCompile Include="goo.cpp">
      <Filter>Source Files</Filter>
    </ClCompile>
    <ClCompile Include="graphics.cpp">
      <Filter>Source Files</Filter>
    </ClCompile>
    <ClCompile Include="jackhammer.cpp">
      <Filter>Source Files</Filter>
    </ClCompile>
    <ClCompile Include="main.cpp">
      <Filter>Source Files</Filter>
    </ClCompile>
    <ClCompile Include="monk.cpp">
      <Filter>Source Files</Filter>
    </ClCompile>
    <ClCompile Include="pick.cpp">
      <Filter>Source Files</Filter>
    </ClCompile>
    <ClCompile Include="platform.cpp">
      <Filter>Source Files</Filter>
    </ClCompile>
    <ClCompile Include="player.cpp">
      <Filter>Source Files</Filter>
    </ClCompile>
    <ClCompile Include="ropetrap.cpp">
      <Filter>Source Files</Filter>
    </ClCompile>
    <ClCompile Include="sound.cpp">
      <Filter>Source Files</Filter>
    </ClCompile>
    <ClCompile Include="sprite.cpp">
      <Filter>Source Files</Filter>
    </ClCompile>
    <ClCompile Include="TitleScreen.cpp">
      <Filter>Source Files</Filter>
    </ClCompile>
    <ClCompile Include="teleport.cpp">
      <Filter>Source Files</Filter>
    </ClCompile>
  </ItemGroup>
  <ItemGroup>
    <ClInclude Include="AI.h">
      <Filter>Header Files</Filter>
    </ClInclude>
    <ClInclude Include="controls.h">
      <Filter>Header Files</Filter>
    </ClInclude>
    <ClInclude Include="cursor.h">
      <Filter>Header Files</Filter>
    </ClInclude>
    <ClInclude Include="digger.h">
      <Filter>Header Files</Filter>
    </ClInclude>
    <ClInclude Include="exitdoor.h">
      <Filter>Header Files</Filter>
    </ClInclude>
    <ClInclude Include="fallingrocks.h">
      <Filter>Header Files</Filter>
    </ClInclude>
    <ClInclude Include="gameplay.h">
      <Filter>Header Files</Filter>
    </ClInclude>
    <ClInclude Include="gas.h">
      <Filter>Header Files</Filter>
    </ClInclude>
    <ClInclude Include="gold.h">
      <Filter>Header Files</Filter>
    </ClInclude>
    <ClInclude Include="goo.h">
      <Filter>Header Files</Filter>
    </ClInclude>
    <ClInclude Include="graphics.h">
      <Filter>Header Files</Filter>
    </ClInclude>
    <ClInclude Include="jackhammer.h">
      <Filter>Header Files</Filter>
    </ClInclude>
    <ClInclude Include="monk.h">
      <Filter>Header Files</Filter>
    </ClInclude>
    <ClInclude Include="pick.h">
      <Filter>Header Files</Filter>
    </ClInclude>
    <ClInclude Include="platform.h">
      <Filter>Header Files</Filter>
    </ClInclude>
    <ClInclude Include="player.h">
      <Filter>Header Files</Filter>
    </ClInclude>
    <ClInclude Include="ropetrap.h">
      <Filter>Header Files</Filter>
    </ClInclude>
    <ClInclude Include="sound.h">
      <Filter>Header Files</Filter>
    </ClInclude>
    <ClInclude Include="sprite.h">
      <Filter>Header Files</Filter>
    </ClInclude>
    <ClInclude Include="TitleScreen.h">
      <Filter>Header Files</Filter>
    </ClInclude>
    <ClInclude Include="teleport.h">
      <Filter>Header Files</Filter>
    </ClInclude>
  </ItemGroup>
  <ItemGroup>
    <None Include="ClassDiagram.cd" />
  </ItemGroup>
</Project>